
Microsoft Visual Studio Solution File, Format Version 12.00
# Visual Studio Version 17
VisualStudioVersion = 17.4.33213.308
MinimumVisualStudioVersion = 10.0.40219.1
Project("{535C04D7-A2A5-47C7-83E0-B340A995CD1F}") = "A1-ContactList", "A1-ContactList\A1-ContactList.cblproj", "{673599AF-FCBD-478F-BEDB-269F5E000998}"
EndProject
Project("{535C04D7-A2A5-47C7-83E0-B340A995CD1F}") = "A2-ItemList", "A2-ItemList\A2-ItemList.cblproj", "{477509FF-A781-4020-ABB0-84658E2FDF0D}"
EndProject
Project("{535C04D7-A2A5-47C7-83E0-B340A995CD1F}") = "A3-SalesComm", "A3-SalesComm\A3-SalesComm.cblproj", "{5B6F7CF8-6611-4DEC-8556-8E82204FB613}"
EndProject
Project("{535C04D7-A2A5-47C7-83E0-B340A995CD1F}") = "MidtermTest", "MidtermTest\MidtermTest.cblproj", "{B5177DCB-17D9-4763-804D-07DA4860B6B8}"
EndProject
Project("{535C04D7-A2A5-47C7-83E0-B340A995CD1F}") = "A4-SalaryReport", "A4-SalaryReport\A4-SalaryReport.cblproj", "{54574872-2931-4C55-B02F-BB3F267FAEEE}"
EndProject
Project("{535C04D7-A2A5-47C7-83E0-B340A995CD1F}") = "A5-SalaryReport-5A", "A5-SalaryReport\A5-SalaryReport-5A.cblproj", "{C60FF54C-B56B-4DA5-888B-91F2E1D29562}"
EndProject
Project("{535C04D7-A2A5-47C7-83E0-B340A995CD1F}") = "A5-SalaryReport-5B", "A5-SalaryReport-5B\A5-SalaryReport-5B.cblproj", "{3FA42880-BEBB-4F11-9FA5-020FB5CFDEC7}"
EndProject
Project("{535C04D7-A2A5-47C7-83E0-B340A995CD1F}") = "A6-DataValidation", "A6-DataValidation\A6-DataValidation.cblproj", "{47B2EE12-444E-4E32-87E2-A98F9D604439}"
EndProject
Project("{535C04D7-A2A5-47C7-83E0-B340A995CD1F}") = "A7-CallCenterOpReport", "A7-CallCenterOpReport\A7-CallCenterOpReport.cblproj", "{E583C917-8C44-4DB4-AA7E-EF2ABCCF3AA0}"
EndProject
Project("{535C04D7-A2A5-47C7-83E0-B340A995CD1F}") = "End Term Test", "End Term Test\End Term Test.cblproj", "{E9DF7ACA-192D-49C0-9370-49455FC68C6E}"
EndProject
Global
	GlobalSection(SolutionConfigurationPlatforms) = preSolution
		Debug|x86 = Debug|x86
		Release|x86 = Release|x86
	EndGlobalSection
	GlobalSection(ProjectConfigurationPlatforms) = postSolution
		{673599AF-FCBD-478F-BEDB-269F5E000998}.Debug|x86.ActiveCfg = Debug|x86
		{673599AF-FCBD-478F-BEDB-269F5E000998}.Debug|x86.Build.0 = Debug|x86
		{673599AF-FCBD-478F-BEDB-269F5E000998}.Release|x86.ActiveCfg = Release|x86
		{673599AF-FCBD-478F-BEDB-269F5E000998}.Release|x86.Build.0 = Release|x86
		{477509FF-A781-4020-ABB0-84658E2FDF0D}.Debug|x86.ActiveCfg = Debug|x86
		{477509FF-A781-4020-ABB0-84658E2FDF0D}.Debug|x86.Build.0 = Debug|x86
		{477509FF-A781-4020-ABB0-84658E2FDF0D}.Release|x86.ActiveCfg = Release|x86
		{477509FF-A781-4020-ABB0-84658E2FDF0D}.Release|x86.Build.0 = Release|x86
		{5B6F7CF8-6611-4DEC-8556-8E82204FB613}.Debug|x86.ActiveCfg = Debug|x86
		{5B6F7CF8-6611-4DEC-8556-8E82204FB613}.Debug|x86.Build.0 = Debug|x86
		{5B6F7CF8-6611-4DEC-8556-8E82204FB613}.Release|x86.ActiveCfg = Release|x86
		{5B6F7CF8-6611-4DEC-8556-8E82204FB613}.Release|x86.Build.0 = Release|x86
		{B5177DCB-17D9-4763-804D-07DA4860B6B8}.Debug|x86.ActiveCfg = Debug|x86
		{B5177DCB-17D9-4763-804D-07DA4860B6B8}.Debug|x86.Build.0 = Debug|x86
		{B5177DCB-17D9-4763-804D-07DA4860B6B8}.Release|x86.ActiveCfg = Release|x86
		{B5177DCB-17D9-4763-804D-07DA4860B6B8}.Release|x86.Build.0 = Release|x86
		{54574872-2931-4C55-B02F-BB3F267FAEEE}.Debug|x86.ActiveCfg = Debug|x86
		{54574872-2931-4C55-B02F-BB3F267FAEEE}.Debug|x86.Build.0 = Debug|x86
		{54574872-2931-4C55-B02F-BB3F267FAEEE}.Release|x86.ActiveCfg = Release|x86
		{54574872-2931-4C55-B02F-BB3F267FAEEE}.Release|x86.Build.0 = Release|x86
		{C60FF54C-B56B-4DA5-888B-91F2E1D29562}.Debug|x86.ActiveCfg = Debug|x86
		{C60FF54C-B56B-4DA5-888B-91F2E1D29562}.Debug|x86.Build.0 = Debug|x86
		{C60FF54C-B56B-4DA5-888B-91F2E1D29562}.Release|x86.ActiveCfg = Release|x86
		{C60FF54C-B56B-4DA5-888B-91F2E1D29562}.Release|x86.Build.0 = Release|x86
		{3FA42880-BEBB-4F11-9FA5-020FB5CFDEC7}.Debug|x86.ActiveCfg = Debug|x86
		{3FA42880-BEBB-4F11-9FA5-020FB5CFDEC7}.Debug|x86.Build.0 = Debug|x86
		{3FA42880-BEBB-4F11-9FA5-020FB5CFDEC7}.Release|x86.ActiveCfg = Release|x86
		{3FA42880-BEBB-4F11-9FA5-020FB5CFDEC7}.Release|x86.Build.0 = Release|x86
		{47B2EE12-444E-4E32-87E2-A98F9D604439}.Debug|x86.ActiveCfg = Debug|x86
		{47B2EE12-444E-4E32-87E2-A98F9D604439}.Debug|x86.Build.0 = Debug|x86
		{47B2EE12-444E-4E32-87E2-A98F9D604439}.Release|x86.ActiveCfg = Release|x86
		{47B2EE12-444E-4E32-87E2-A98F9D604439}.Release|x86.Build.0 = Release|x86
		{E583C917-8C44-4DB4-AA7E-EF2ABCCF3AA0}.Debug|x86.ActiveCfg = Debug|x86
		{E583C917-8C44-4DB4-AA7E-EF2ABCCF3AA0}.Debug|x86.Build.0 = Debug|x86
		{E583C917-8C44-4DB4-AA7E-EF2ABCCF3AA0}.Release|x86.ActiveCfg = Release|x86
		{E583C917-8C44-4DB4-AA7E-EF2ABCCF3AA0}.Release|x86.Build.0 = Release|x86
		{E9DF7ACA-192D-49C0-9370-49455FC68C6E}.Debug|x86.ActiveCfg = Debug|x86
		{E9DF7ACA-192D-49C0-9370-49455FC68C6E}.Debug|x86.Build.0 = Debug|x86
		{E9DF7ACA-192D-49C0-9370-49455FC68C6E}.Release|x86.ActiveCfg = Release|x86
		{E9DF7ACA-192D-49C0-9370-49455FC68C6E}.Release|x86.Build.0 = Release|x86
	EndGlobalSection
	GlobalSection(SolutionProperties) = preSolution
		HideSolutionNode = FALSE
	EndGlobalSection
	GlobalSection(ExtensibilityGlobals) = postSolution
		SolutionGuid = {BE8CF1CD-A8A6-42A7-991D-243D01E52B4F}
	EndGlobalSection
EndGlobal
