
Microsoft Visual Studio Solution File, Format Version 12.00
# Visual Studio Version 17
VisualStudioVersion = 17.4.33213.308
MinimumVisualStudioVersion = 10.0.40219.1
Project("{535C04D7-A2A5-47C7-83E0-B340A995CD1F}") = "A1-ContactList", "A1-ContactList\A1-ContactList.cblproj", "{673599AF-FCBD-478F-BEDB-269F5E000998}"
EndProject
Project("{535C04D7-A2A5-47C7-83E0-B340A995CD1F}") = "A2-ItemList", "A2-ItemList\A2-ItemList.cblproj", "{477509FF-A781-4020-ABB0-84658E2FDF0D}"
EndProject
Project("{535C04D7-A2A5-47C7-83E0-B340A995CD1F}") = "A3-SalesComm1", "A3-SalesComm1\A3-SalesComm1.cblproj", "{8210458C-C552-4A84-A9C2-4988F3B58521}"
EndProject
Global
	GlobalSection(SolutionConfigurationPlatforms) = preSolution
		Debug|x86 = Debug|x86
		Release|x86 = Release|x86
	EndGlobalSection
	GlobalSection(ProjectConfigurationPlatforms) = postSolution
		{673599AF-FCBD-478F-BEDB-269F5E000998}.Debug|x86.ActiveCfg = Debug|x86
		{673599AF-FCBD-478F-BEDB-269F5E000998}.Debug|x86.Build.0 = Debug|x86
		{673599AF-FCBD-478F-BEDB-269F5E000998}.Release|x86.ActiveCfg = Release|x86
		{673599AF-FCBD-478F-BEDB-269F5E000998}.Release|x86.Build.0 = Release|x86
		{477509FF-A781-4020-ABB0-84658E2FDF0D}.Debug|x86.ActiveCfg = Debug|x86
		{477509FF-A781-4020-ABB0-84658E2FDF0D}.Debug|x86.Build.0 = Debug|x86
		{477509FF-A781-4020-ABB0-84658E2FDF0D}.Release|x86.ActiveCfg = Release|x86
		{477509FF-A781-4020-ABB0-84658E2FDF0D}.Release|x86.Build.0 = Release|x86
		{8210458C-C552-4A84-A9C2-4988F3B58521}.Debug|x86.ActiveCfg = Debug|x86
		{8210458C-C552-4A84-A9C2-4988F3B58521}.Debug|x86.Build.0 = Debug|x86
		{8210458C-C552-4A84-A9C2-4988F3B58521}.Release|x86.ActiveCfg = Release|x86
		{8210458C-C552-4A84-A9C2-4988F3B58521}.Release|x86.Build.0 = Release|x86
	EndGlobalSection
	GlobalSection(SolutionProperties) = preSolution
		HideSolutionNode = FALSE
	EndGlobalSection
	GlobalSection(ExtensibilityGlobals) = postSolution
		SolutionGuid = {BE8CF1CD-A8A6-42A7-991D-243D01E52B4F}
	EndGlobalSection
EndGlobal
